Microsoft Visual Studio Solution File, Format Version 11.00
# Visual Studio 2017
Project("{1EED0DAD-BFF1-488A-9405-ABBED699D8CE}") = "src@util@@util@sta", "src\util\src@util@@util@sta.vcxproj", "{4A30073B-CDE4-41B4-9F0F-B8DE9E201AA1}"
	ProjectSection(ProjectDependencies) = postProject
		{55D9687B-B79D-4EC5-ABDA-82A6A6B5B1CF} = {55D9687B-B79D-4EC5-ABDA-82A6A6B5B1CF}
EndProjectSection
EndProject
Project("{1EED0DAD-BFF1-488A-9405-ABBED699D8CE}") = "src@spirv@@spirv@sta", "src\spirv\src@spirv@@spirv@sta.vcxproj", "{C8B7EEEC-B07A-42A8-AEF1-EF70C0D07CCF}"
	ProjectSection(ProjectDependencies) = postProject
		{55D9687B-B79D-4EC5-ABDA-82A6A6B5B1CF} = {55D9687B-B79D-4EC5-ABDA-82A6A6B5B1CF}
EndProjectSection
EndProject
Project("{1EED0DAD-BFF1-488A-9405-ABBED699D8CE}") = "src@dxvk@@dxvk@sta", "src\dxvk\src@dxvk@@dxvk@sta.vcxproj", "{CF568EB8-4625-49D0-ADC1-450570CC6B2F}"
	ProjectSection(ProjectDependencies) = postProject
		{55D9687B-B79D-4EC5-ABDA-82A6A6B5B1CF} = {55D9687B-B79D-4EC5-ABDA-82A6A6B5B1CF}
		{4A30073B-CDE4-41B4-9F0F-B8DE9E201AA1} = {4A30073B-CDE4-41B4-9F0F-B8DE9E201AA1}
		{C8B7EEEC-B07A-42A8-AEF1-EF70C0D07CCF} = {C8B7EEEC-B07A-42A8-AEF1-EF70C0D07CCF}
EndProjectSection
EndProject
Project("{1EED0DAD-BFF1-488A-9405-ABBED699D8CE}") = "src@dxgi@@dxgi@sha", "src\dxgi\src@dxgi@@dxgi@sha.vcxproj", "{2CD7A220-BA23-4180-812F-7B4A82ADC2F8}"
	ProjectSection(ProjectDependencies) = postProject
		{55D9687B-B79D-4EC5-ABDA-82A6A6B5B1CF} = {55D9687B-B79D-4EC5-ABDA-82A6A6B5B1CF}
		{4A30073B-CDE4-41B4-9F0F-B8DE9E201AA1} = {4A30073B-CDE4-41B4-9F0F-B8DE9E201AA1}
		{CF568EB8-4625-49D0-ADC1-450570CC6B2F} = {CF568EB8-4625-49D0-ADC1-450570CC6B2F}
EndProjectSection
EndProject
Project("{1EED0DAD-BFF1-488A-9405-ABBED699D8CE}") = "src@dxbc@@dxbc@sta", "src\dxbc\src@dxbc@@dxbc@sta.vcxproj", "{62A7EDD0-0B50-48E5-8524-5A74B09713FD}"
	ProjectSection(ProjectDependencies) = postProject
		{55D9687B-B79D-4EC5-ABDA-82A6A6B5B1CF} = {55D9687B-B79D-4EC5-ABDA-82A6A6B5B1CF}
EndProjectSection
EndProject
Project("{1EED0DAD-BFF1-488A-9405-ABBED699D8CE}") = "src@d3d11@@d3d11@sha", "src\d3d11\src@d3d11@@d3d11@sha.vcxproj", "{F5A342F1-20FC-4EFD-AEEF-226CE821C8E6}"
	ProjectSection(ProjectDependencies) = postProject
		{55D9687B-B79D-4EC5-ABDA-82A6A6B5B1CF} = {55D9687B-B79D-4EC5-ABDA-82A6A6B5B1CF}
		{4A30073B-CDE4-41B4-9F0F-B8DE9E201AA1} = {4A30073B-CDE4-41B4-9F0F-B8DE9E201AA1}
		{CF568EB8-4625-49D0-ADC1-450570CC6B2F} = {CF568EB8-4625-49D0-ADC1-450570CC6B2F}
		{2CD7A220-BA23-4180-812F-7B4A82ADC2F8} = {2CD7A220-BA23-4180-812F-7B4A82ADC2F8}
		{62A7EDD0-0B50-48E5-8524-5A74B09713FD} = {62A7EDD0-0B50-48E5-8524-5A74B09713FD}
EndProjectSection
EndProject
Project("{1EED0DAD-BFF1-488A-9405-ABBED699D8CE}") = "RUN_TESTS", "RUN_TESTS.vcxproj", "{1415EE11-A929-47B7-8D2D-096E8EA2C808}"
EndProject
Project("{1EED0DAD-BFF1-488A-9405-ABBED699D8CE}") = "REGEN", "REGEN.vcxproj", "{55D9687B-B79D-4EC5-ABDA-82A6A6B5B1CF}"
EndProject
Global
	GlobalSection(SolutionConfigurationPlatforms) = preSolution
		debug|x64 = debug|x64
	EndGlobalSection
	GlobalSection(ProjectConfigurationPlatforms) = postSolution
		{55D9687B-B79D-4EC5-ABDA-82A6A6B5B1CF}.debug|x64.ActiveCfg = debug|x64
		{55D9687B-B79D-4EC5-ABDA-82A6A6B5B1CF}.debug|x64.Build.0 = debug|x64
		{4A30073B-CDE4-41B4-9F0F-B8DE9E201AA1}.debug|x64.ActiveCfg = debug|x64
		{4A30073B-CDE4-41B4-9F0F-B8DE9E201AA1}.debug|x64.Build.0 = debug|x64
		{C8B7EEEC-B07A-42A8-AEF1-EF70C0D07CCF}.debug|x64.ActiveCfg = debug|x64
		{C8B7EEEC-B07A-42A8-AEF1-EF70C0D07CCF}.debug|x64.Build.0 = debug|x64
		{CF568EB8-4625-49D0-ADC1-450570CC6B2F}.debug|x64.ActiveCfg = debug|x64
		{CF568EB8-4625-49D0-ADC1-450570CC6B2F}.debug|x64.Build.0 = debug|x64
		{2CD7A220-BA23-4180-812F-7B4A82ADC2F8}.debug|x64.ActiveCfg = debug|x64
		{2CD7A220-BA23-4180-812F-7B4A82ADC2F8}.debug|x64.Build.0 = debug|x64
		{62A7EDD0-0B50-48E5-8524-5A74B09713FD}.debug|x64.ActiveCfg = debug|x64
		{62A7EDD0-0B50-48E5-8524-5A74B09713FD}.debug|x64.Build.0 = debug|x64
		{F5A342F1-20FC-4EFD-AEEF-226CE821C8E6}.debug|x64.ActiveCfg = debug|x64
		{F5A342F1-20FC-4EFD-AEEF-226CE821C8E6}.debug|x64.Build.0 = debug|x64
		{1415EE11-A929-47B7-8D2D-096E8EA2C808}.debug|x64.ActiveCfg = debug|x64
	EndGlobalSection
	GlobalSection(SolutionProperties) = preSolution
		HideSolutionNode = FALSE
	EndGlobalSection
EndGlobal
